
Microsoft Visual Studio Solution File, Format Version 12.00
# Visual Studio Version 16
VisualStudioVersion = 16.0.30011.22
MinimumVisualStudioVersion = 10.0.40219.1
Project("{8BC9CEB8-8B4A-11D0-8D11-00A0C91BC942}") = "detours-example", "detours-example\detours-example.vcxproj", "{D19FA311-9FA8-4B5B-8B24-04BD7C238768}"
EndProject
Project("{8BC9CEB8-8B4A-11D0-8D11-00A0C91BC942}") = "dll-injector", "dll-injector\dll-injector.vcxproj", "{E8B43958-D1A9-417D-BC67-B25C52035546}"
EndProject
Project("{8BC9CEB8-8B4A-11D0-8D11-00A0C91BC942}") = "test-dll", "test-dll\test-dll.vcxproj", "{12CE2134-BB1C-41DA-A719-A0BDDE40C35C}"
EndProject
Global
	GlobalSection(SolutionConfigurationPlatforms) = preSolution
		Debug|x64 = Debug|x64
		Debug|x86 = Debug|x86
		Release|x64 = Release|x64
		Release|x86 = Release|x86
	EndGlobalSection
	GlobalSection(ProjectConfigurationPlatforms) = postSolution
		{D19FA311-9FA8-4B5B-8B24-04BD7C238768}.Debug|x64.ActiveCfg = Debug|x64
		{D19FA311-9FA8-4B5B-8B24-04BD7C238768}.Debug|x64.Build.0 = Debug|x64
		{D19FA311-9FA8-4B5B-8B24-04BD7C238768}.Debug|x86.ActiveCfg = Debug|Win32
		{D19FA311-9FA8-4B5B-8B24-04BD7C238768}.Debug|x86.Build.0 = Debug|Win32
		{D19FA311-9FA8-4B5B-8B24-04BD7C238768}.Release|x64.ActiveCfg = Release|x64
		{D19FA311-9FA8-4B5B-8B24-04BD7C238768}.Release|x64.Build.0 = Release|x64
		{D19FA311-9FA8-4B5B-8B24-04BD7C238768}.Release|x86.ActiveCfg = Release|Win32
		{D19FA311-9FA8-4B5B-8B24-04BD7C238768}.Release|x86.Build.0 = Release|Win32
		{E8B43958-D1A9-417D-BC67-B25C52035546}.Debug|x64.ActiveCfg = Debug|x64
		{E8B43958-D1A9-417D-BC67-B25C52035546}.Debug|x64.Build.0 = Debug|x64
		{E8B43958-D1A9-417D-BC67-B25C52035546}.Debug|x86.ActiveCfg = Debug|Win32
		{E8B43958-D1A9-417D-BC67-B25C52035546}.Debug|x86.Build.0 = Debug|Win32
		{E8B43958-D1A9-417D-BC67-B25C52035546}.Release|x64.ActiveCfg = Release|x64
		{E8B43958-D1A9-417D-BC67-B25C52035546}.Release|x64.Build.0 = Release|x64
		{E8B43958-D1A9-417D-BC67-B25C52035546}.Release|x86.ActiveCfg = Release|Win32
		{E8B43958-D1A9-417D-BC67-B25C52035546}.Release|x86.Build.0 = Release|Win32
		{12CE2134-BB1C-41DA-A719-A0BDDE40C35C}.Debug|x64.ActiveCfg = Debug|x64
		{12CE2134-BB1C-41DA-A719-A0BDDE40C35C}.Debug|x64.Build.0 = Debug|x64
		{12CE2134-BB1C-41DA-A719-A0BDDE40C35C}.Debug|x86.ActiveCfg = Debug|Win32
		{12CE2134-BB1C-41DA-A719-A0BDDE40C35C}.Debug|x86.Build.0 = Debug|Win32
		{12CE2134-BB1C-41DA-A719-A0BDDE40C35C}.Release|x64.ActiveCfg = Release|x64
		{12CE2134-BB1C-41DA-A719-A0BDDE40C35C}.Release|x64.Build.0 = Release|x64
		{12CE2134-BB1C-41DA-A719-A0BDDE40C35C}.Release|x86.ActiveCfg = Release|Win32
		{12CE2134-BB1C-41DA-A719-A0BDDE40C35C}.Release|x86.Build.0 = Release|Win32
	EndGlobalSection
	GlobalSection(SolutionProperties) = preSolution
		HideSolutionNode = FALSE
	EndGlobalSection
	GlobalSection(ExtensibilityGlobals) = postSolution
		SolutionGuid = {82E9875E-036C-428A-BB22-75DA87FF53AE}
	EndGlobalSection
EndGlobal
